// !$*UTF8*$!
{
	archiveVersion = 1;
	classes = {
	};
	objectVersion = 46;
	objects = {

/* Begin PBXBuildFile section */
		C80E6C8817464172006D3AE8 /* ImageIO.framework in Frameworks */ = {isa = PBXBuildFile; fileRef = C80E6C8717464171006D3AE8 /* ImageIO.framework */; };
		C83BE2A9173B89E200B2DE15 /* JOImageCache.m in Sources */ = {isa = PBXBuildFile; fileRef = C83BE2A4173B89E200B2DE15 /* JOImageCache.m */; };
		C83BE2AA173B89E200B2DE15 /* JOImageLoader.m in Sources */ = {isa = PBXBuildFile; fileRef = C83BE2A6173B89E200B2DE15 /* JOImageLoader.m */; };
		C83BE2AB173B89E200B2DE15 /* UIImageView+JOAdditions.m in Sources */ = {isa = PBXBuildFile; fileRef = C83BE2A8173B89E200B2DE15 /* UIImageView+JOAdditions.m */; };
		C8FFBDF2173A2FE4003371E8 /* UIKit.framework in Frameworks */ = {isa = PBXBuildFile; fileRef = C8FFBDF1173A2FE4003371E8 /* UIKit.framework */; };
		C8FFBDF4173A2FE4003371E8 /* Foundation.framework in Frameworks */ = {isa = PBXBuildFile; fileRef = C8FFBDF3173A2FE4003371E8 /* Foundation.framework */; };
		C8FFBDF6173A2FE4003371E8 /* CoreGraphics.framework in Frameworks */ = {isa = PBXBuildFile; fileRef = C8FFBDF5173A2FE4003371E8 /* CoreGraphics.framework */; };
		C8FFBDFC173A2FE4003371E8 /* InfoPlist.strings in Resources */ = {isa = PBXBuildFile; fileRef = C8FFBDFA173A2FE4003371E8 /* InfoPlist.strings */; };
		C8FFBDFE173A2FE4003371E8 /* main.m in Sources */ = {isa = PBXBuildFile; fileRef = C8FFBDFD173A2FE4003371E8 /* main.m */; };
		C8FFBE02173A2FE4003371E8 /* JOAppDelegate.m in Sources */ = {isa = PBXBuildFile; fileRef = C8FFBE01173A2FE4003371E8 /* JOAppDelegate.m */; };
		C8FFBE04173A2FE4003371E8 /* Default.png in Resources */ = {isa = PBXBuildFile; fileRef = C8FFBE03173A2FE4003371E8 /* Default.png */; };
		C8FFBE06173A2FE4003371E8 /* Default@2x.png in Resources */ = {isa = PBXBuildFile; fileRef = C8FFBE05173A2FE4003371E8 /* Default@2x.png */; };
		C8FFBE08173A2FE4003371E8 /* Default-568h@2x.png in Resources */ = {isa = PBXBuildFile; fileRef = C8FFBE07173A2FE4003371E8 /* Default-568h@2x.png */; };
		C8FFBE0B173A2FE4003371E8 /* MainStoryboard.storyboard in Resources */ = {isa = PBXBuildFile; fileRef = C8FFBE09173A2FE4003371E8 /* MainStoryboard.storyboard */; };
		C8FFBE0E173A2FE4003371E8 /* JOFirstViewController.m in Sources */ = {isa = PBXBuildFile; fileRef = C8FFBE0D173A2FE4003371E8 /* JOFirstViewController.m */; };
		C8FFBE10173A2FE4003371E8 /* first.png in Resources */ = {isa = PBXBuildFile; fileRef = C8FFBE0F173A2FE4003371E8 /* first.png */; };
		C8FFBE12173A2FE4003371E8 /* first@2x.png in Resources */ = {isa = PBXBuildFile; fileRef = C8FFBE11173A2FE4003371E8 /* first@2x.png */; };
		C8FFBE15173A2FE4003371E8 /* JOSecondViewController.m in Sources */ = {isa = PBXBuildFile; fileRef = C8FFBE14173A2FE4003371E8 /* JOSecondViewController.m */; };
		C8FFBE17173A2FE4003371E8 /* second.png in Resources */ = {isa = PBXBuildFile; fileRef = C8FFBE16173A2FE4003371E8 /* second.png */; };
		C8FFBE19173A2FE4003371E8 /* second@2x.png in Resources */ = {isa = PBXBuildFile; fileRef = C8FFBE18173A2FE4003371E8 /* second@2x.png */; };
/* End PBXBuildFile section */

/* Begin PBXFileReference section */
		C80E6C8717464171006D3AE8 /* ImageIO.framework */ = {isa = PBXFileReference; lastKnownFileType = wrapper.framework; name = ImageIO.framework; path = System/Library/Frameworks/ImageIO.framework; sourceTree = SDKROOT; };
		C83BE2A3173B89E200B2DE15 /* JOImageCache.h */ = {isa = PBXFileReference; fileEncoding = 4; lastKnownFileType = sourcecode.c.h; path = JOImageCache.h; sourceTree = "<group>"; };
		C83BE2A4173B89E200B2DE15 /* JOImageCache.m */ = {isa = PBXFileReference; fileEncoding = 4; lastKnownFileType = sourcecode.c.objc; path = JOImageCache.m; sourceTree = "<group>"; };
		C83BE2A5173B89E200B2DE15 /* JOImageLoader.h */ = {isa = PBXFileReference; fileEncoding = 4; lastKnownFileType = sourcecode.c.h; path = JOImageLoader.h; sourceTree = "<group>"; };
		C83BE2A6173B89E200B2DE15 /* JOImageLoader.m */ = {isa = PBXFileReference; fileEncoding = 4; lastKnownFileType = sourcecode.c.objc; path = JOImageLoader.m; sourceTree = "<group>"; };
		C83BE2A7173B89E200B2DE15 /* UIImageView+JOAdditions.h */ = {isa = PBXFileReference; fileEncoding = 4; lastKnownFileType = sourcecode.c.h; path = "UIImageView+JOAdditions.h"; sourceTree = "<group>"; };
		C83BE2A8173B89E200B2DE15 /* UIImageView+JOAdditions.m */ = {isa = PBXFileReference; fileEncoding = 4; lastKnownFileType = sourcecode.c.objc; path = "UIImageView+JOAdditions.m"; sourceTree = "<group>"; };
		C8FFBDEE173A2FE4003371E8 /* DemoImageLoader.app */ = {isa = PBXFileReference; explicitFileType = wrapper.application; includeInIndex = 0; path = DemoImageLoader.app; sourceTree = BUILT_PRODUCTS_DIR; };
		C8FFBDF1173A2FE4003371E8 /* UIKit.framework */ = {isa = PBXFileReference; lastKnownFileType = wrapper.framework; name = UIKit.framework; path = System/Library/Frameworks/UIKit.framework; sourceTree = SDKROOT; };
		C8FFBDF3173A2FE4003371E8 /* Foundation.framework */ = {isa = PBXFileReference; lastKnownFileType = wrapper.framework; name = Foundation.framework; path = System/Library/Frameworks/Foundation.framework; sourceTree = SDKROOT; };
		C8FFBDF5173A2FE4003371E8 /* CoreGraphics.framework */ = {isa = PBXFileReference; lastKnownFileType = wrapper.framework; name = CoreGraphics.framework; path = System/Library/Frameworks/CoreGraphics.framework; sourceTree = SDKROOT; };
		C8FFBDF9173A2FE4003371E8 /* DemoImageLoader-Info.plist */ = {isa = PBXFileReference; lastKnownFileType = text.plist.xml; path = "DemoImageLoader-Info.plist"; sourceTree = "<group>"; };
		C8FFBDFB173A2FE4003371E8 /* en */ = {isa = PBXFileReference; lastKnownFileType = text.plist.strings; name = en; path = en.lproj/InfoPlist.strings; sourceTree = "<group>"; };
		C8FFBDFD173A2FE4003371E8 /* main.m */ = {isa = PBXFileReference; lastKnownFileType = sourcecode.c.objc; path = main.m; sourceTree = "<group>"; };
		C8FFBDFF173A2FE4003371E8 /* DemoImageLoader-Prefix.pch */ = {isa = PBXFileReference; lastKnownFileType = sourcecode.c.h; path = "DemoImageLoader-Prefix.pch"; sourceTree = "<group>"; };
		C8FFBE00173A2FE4003371E8 /* JOAppDelegate.h */ = {isa = PBXFileReference; lastKnownFileType = sourcecode.c.h; path = JOAppDelegate.h; sourceTree = "<group>"; };
		C8FFBE01173A2FE4003371E8 /* JOAppDelegate.m */ = {isa = PBXFileReference; lastKnownFileType = sourcecode.c.objc; path = JOAppDelegate.m; sourceTree = "<group>"; };
		C8FFBE03173A2FE4003371E8 /* Default.png */ = {isa = PBXFileReference; lastKnownFileType = image.png; path = Default.png; sourceTree = "<group>"; };
		C8FFBE05173A2FE4003371E8 /* Default@2x.png */ = {isa = PBXFileReference; lastKnownFileType = image.png; path = "Default@2x.png"; sourceTree = "<group>"; };
		C8FFBE07173A2FE4003371E8 /* Default-568h@2x.png */ = {isa = PBXFileReference; lastKnownFileType = image.png; path = "Default-568h@2x.png"; sourceTree = "<group>"; };
		C8FFBE0A173A2FE4003371E8 /* en */ = {isa = PBXFileReference; lastKnownFileType = file.storyboard; name = en; path = en.lproj/MainStoryboard.storyboard; sourceTree = "<group>"; };
		C8FFBE0C173A2FE4003371E8 /* JOFirstViewController.h */ = {isa = PBXFileReference; lastKnownFileType = sourcecode.c.h; path = JOFirstViewController.h; sourceTree = "<group>"; };
		C8FFBE0D173A2FE4003371E8 /* JOFirstViewController.m */ = {isa = PBXFileReference; lastKnownFileType = sourcecode.c.objc; path = JOFirstViewController.m; sourceTree = "<group>"; };
		C8FFBE0F173A2FE4003371E8 /* first.png */ = {isa = PBXFileReference; lastKnownFileType = image.png; path = first.png; sourceTree = "<group>"; };
		C8FFBE11173A2FE4003371E8 /* first@2x.png */ = {isa = PBXFileReference; lastKnownFileType = image.png; path = "first@2x.png"; sourceTree = "<group>"; };
		C8FFBE13173A2FE4003371E8 /* JOSecondViewController.h */ = {isa = PBXFileReference; lastKnownFileType = sourcecode.c.h; path = JOSecondViewController.h; sourceTree = "<group>"; };
		C8FFBE14173A2FE4003371E8 /* JOSecondViewController.m */ = {isa = PBXFileReference; lastKnownFileType = sourcecode.c.objc; path = JOSecondViewController.m; sourceTree = "<group>"; };
		C8FFBE16173A2FE4003371E8 /* second.png */ = {isa = PBXFileReference; lastKnownFileType = image.png; path = second.png; sourceTree = "<group>"; };
		C8FFBE18173A2FE4003371E8 /* second@2x.png */ = {isa = PBXFileReference; lastKnownFileType = image.png; path = "second@2x.png"; sourceTree = "<group>"; };
/* End PBXFileReference section */

/* Begin PBXFrameworksBuildPhase section */
		C8FFBDEB173A2FE4003371E8 /* Frameworks */ = {
			isa = PBXFrameworksBuildPhase;
			buildActionMask = 2147483647;
			files = (
				C80E6C8817464172006D3AE8 /* ImageIO.framework in Frameworks */,
				C8FFBDF2173A2FE4003371E8 /* UIKit.framework in Frameworks */,
				C8FFBDF4173A2FE4003371E8 /* Foundation.framework in Frameworks */,
				C8FFBDF6173A2FE4003371E8 /* CoreGraphics.framework in Frameworks */,
			);
			runOnlyForDeploymentPostprocessing = 0;
		};
/* End PBXFrameworksBuildPhase section */

/* Begin PBXGroup section */
		C83BE2A2173B89E200B2DE15 /* JOImageLoader */ = {
			isa = PBXGroup;
			children = (
				C83BE2A3173B89E200B2DE15 /* JOImageCache.h */,
				C83BE2A4173B89E200B2DE15 /* JOImageCache.m */,
				C83BE2A5173B89E200B2DE15 /* JOImageLoader.h */,
				C83BE2A6173B89E200B2DE15 /* JOImageLoader.m */,
				C83BE2A7173B89E200B2DE15 /* UIImageView+JOAdditions.h */,
				C83BE2A8173B89E200B2DE15 /* UIImageView+JOAdditions.m */,
			);
			path = JOImageLoader;
			sourceTree = SOURCE_ROOT;
		};
		C8FFBDE5173A2FE4003371E8 = {
			isa = PBXGroup;
			children = (
				C80E6C8717464171006D3AE8 /* ImageIO.framework */,
				C8FFBDF7173A2FE4003371E8 /* DemoImageLoader */,
				C8FFBDF0173A2FE4003371E8 /* Frameworks */,
				C8FFBDEF173A2FE4003371E8 /* Products */,
			);
			sourceTree = "<group>";
		};
		C8FFBDEF173A2FE4003371E8 /* Products */ = {
			isa = PBXGroup;
			children = (
				C8FFBDEE173A2FE4003371E8 /* DemoImageLoader.app */,
			);
			name = Products;
			sourceTree = "<group>";
		};
		C8FFBDF0173A2FE4003371E8 /* Frameworks */ = {
			isa = PBXGroup;
			children = (
				C8FFBDF1173A2FE4003371E8 /* UIKit.framework */,
				C8FFBDF3173A2FE4003371E8 /* Foundation.framework */,
				C8FFBDF5173A2FE4003371E8 /* CoreGraphics.framework */,
			);
			name = Frameworks;
			sourceTree = "<group>";
		};
		C8FFBDF7173A2FE4003371E8 /* DemoImageLoader */ = {
			isa = PBXGroup;
			children = (
				C83BE2A2173B89E200B2DE15 /* JOImageLoader */,
				C8FFBE00173A2FE4003371E8 /* JOAppDelegate.h */,
				C8FFBE01173A2FE4003371E8 /* JOAppDelegate.m */,
				C8FFBE09173A2FE4003371E8 /* MainStoryboard.storyboard */,
				C8FFBE0C173A2FE4003371E8 /* JOFirstViewController.h */,
				C8FFBE0D173A2FE4003371E8 /* JOFirstViewController.m */,
				C8FFBE0F173A2FE4003371E8 /* first.png */,
				C8FFBE11173A2FE4003371E8 /* first@2x.png */,
				C8FFBE13173A2FE4003371E8 /* JOSecondViewController.h */,
				C8FFBE14173A2FE4003371E8 /* JOSecondViewController.m */,
				C8FFBE16173A2FE4003371E8 /* second.png */,
				C8FFBE18173A2FE4003371E8 /* second@2x.png */,
				C8FFBDF8173A2FE4003371E8 /* Supporting Files */,
			);
			path = DemoImageLoader;
			sourceTree = "<group>";
		};
		C8FFBDF8173A2FE4003371E8 /* Supporting Files */ = {
			isa = PBXGroup;
			children = (
				C8FFBDF9173A2FE4003371E8 /* DemoImageLoader-Info.plist */,
				C8FFBDFA173A2FE4003371E8 /* InfoPlist.strings */,
				C8FFBDFD173A2FE4003371E8 /* main.m */,
				C8FFBDFF173A2FE4003371E8 /* DemoImageLoader-Prefix.pch */,
				C8FFBE03173A2FE4003371E8 /* Default.png */,
				C8FFBE05173A2FE4003371E8 /* Default@2x.png */,
				C8FFBE07173A2FE4003371E8 /* Default-568h@2x.png */,
			);
			name = "Supporting Files";
			sourceTree = "<group>";
		};
/* End PBXGroup section */

/* Begin PBXNativeTarget section */
		C8FFBDED173A2FE4003371E8 /* DemoImageLoader */ = {
			isa = PBXNativeTarget;
			buildConfigurationList = C8FFBE1C173A2FE4003371E8 /* Build configuration list for PBXNativeTarget "DemoImageLoader" */;
			buildPhases = (
				C8FFBDEA173A2FE4003371E8 /* Sources */,
				C8FFBDEB173A2FE4003371E8 /* Frameworks */,
				C8FFBDEC173A2FE4003371E8 /* Resources */,
			);
			buildRules = (
			);
			dependencies = (
			);
			name = DemoImageLoader;
			productName = DemoImageLoader;
			productReference = C8FFBDEE173A2FE4003371E8 /* DemoImageLoader.app */;
			productType = "com.apple.product-type.application";
		};
/* End PBXNativeTarget section */

/* Begin PBXProject section */
		C8FFBDE6173A2FE4003371E8 /* Project object */ = {
			isa = PBXProject;
			attributes = {
				CLASSPREFIX = JO;
				LastUpgradeCheck = 0460;
				ORGANIZATIONNAME = eker;
			};
			buildConfigurationList = C8FFBDE9173A2FE4003371E8 /* Build configuration list for PBXProject "DemoImageLoader" */;
			compatibilityVersion = "Xcode 3.2";
			developmentRegion = English;
			hasScannedForEncodings = 0;
			knownRegions = (
				en,
			);
			mainGroup = C8FFBDE5173A2FE4003371E8;
			productRefGroup = C8FFBDEF173A2FE4003371E8 /* Products */;
			projectDirPath = "";
			projectRoot = "";
			targets = (
				C8FFBDED173A2FE4003371E8 /* DemoImageLoader */,
			);
		};
/* End PBXProject section */

/* Begin PBXResourcesBuildPhase section */
		C8FFBDEC173A2FE4003371E8 /* Resources */ = {
			isa = PBXResourcesBuildPhase;
			buildActionMask = 2147483647;
			files = (
				C8FFBDFC173A2FE4003371E8 /* InfoPlist.strings in Resources */,
				C8FFBE04173A2FE4003371E8 /* Default.png in Resources */,
				C8FFBE06173A2FE4003371E8 /* Default@2x.png in Resources */,
				C8FFBE08173A2FE4003371E8 /* Default-568h@2x.png in Resources */,
				C8FFBE0B173A2FE4003371E8 /* MainStoryboard.storyboard in Resources */,
				C8FFBE10173A2FE4003371E8 /* first.png in Resources */,
				C8FFBE12173A2FE4003371E8 /* first@2x.png in Resources */,
				C8FFBE17173A2FE4003371E8 /* second.png in Resources */,
				C8FFBE19173A2FE4003371E8 /* second@2x.png in Resources */,
			);
			runOnlyForDeploymentPostprocessing = 0;
		};
/* End PBXResourcesBuildPhase section */

/* Begin PBXSourcesBuildPhase section */
		C8FFBDEA173A2FE4003371E8 /* Sources */ = {
			isa = PBXSourcesBuildPhase;
			buildActionMask = 2147483647;
			files = (
				C8FFBDFE173A2FE4003371E8 /* main.m in Sources */,
				C8FFBE02173A2FE4003371E8 /* JOAppDelegate.m in Sources */,
				C8FFBE0E173A2FE4003371E8 /* JOFirstViewController.m in Sources */,
				C8FFBE15173A2FE4003371E8 /* JOSecondViewController.m in Sources */,
				C83BE2A9173B89E200B2DE15 /* JOImageCache.m in Sources */,
				C83BE2AA173B89E200B2DE15 /* JOImageLoader.m in Sources */,
				C83BE2AB173B89E200B2DE15 /* UIImageView+JOAdditions.m in Sources */,
			);
			runOnlyForDeploymentPostprocessing = 0;
		};
/* End PBXSourcesBuildPhase section */

/* Begin PBXVariantGroup section */
		C8FFBDFA173A2FE4003371E8 /* InfoPlist.strings */ = {
			isa = PBXVariantGroup;
			children = (
				C8FFBDFB173A2FE4003371E8 /* en */,
			);
			name = InfoPlist.strings;
			sourceTree = "<group>";
		};
		C8FFBE09173A2FE4003371E8 /* MainStoryboard.storyboard */ = {
			isa = PBXVariantGroup;
			children = (
				C8FFBE0A173A2FE4003371E8 /* en */,
			);
			name = MainStoryboard.storyboard;
			sourceTree = "<group>";
		};
/* End PBXVariantGroup section */

/* Begin XCBuildConfiguration section */
		C8FFBE1A173A2FE4003371E8 /* Debug */ = {
			isa = XCBuildConfiguration;
			buildSettings = {
				ALWAYS_SEARCH_USER_PATHS = NO;
				CLANG_CXX_LANGUAGE_STANDARD = "gnu++0x";
				CLANG_CXX_LIBRARY = "libc++";
				CLANG_ENABLE_OBJC_ARC = YES;
				CLANG_WARN_CONSTANT_CONVERSION = YES;
				CLANG_WARN_EMPTY_BODY = YES;
				CLANG_WARN_ENUM_CONVERSION = YES;
				CLANG_WARN_INT_CONVERSION = YES;
				CLANG_WARN__DUPLICATE_METHOD_MATCH = YES;
				"CODE_SIGN_IDENTITY[sdk=iphoneos*]" = "iPhone Developer";
				COPY_PHASE_STRIP = NO;
				GCC_C_LANGUAGE_STANDARD = gnu99;
				GCC_DYNAMIC_NO_PIC = NO;
				GCC_OPTIMIZATION_LEVEL = 0;
				GCC_PREPROCESSOR_DEFINITIONS = (
					"DEBUG=1",
					"$(inherited)",
				);
				GCC_SYMBOLS_PRIVATE_EXTERN = NO;
				GCC_WARN_ABOUT_RETURN_TYPE = YES;
				GCC_WARN_UNINITIALIZED_AUTOS = YES;
				GCC_WARN_UNUSED_VARIABLE = YES;
				IPHONEOS_DEPLOYMENT_TARGET = 6.0;
				ONLY_ACTIVE_ARCH = YES;
				SDKROOT = iphoneos;
			};
			name = Debug;
		};
		C8FFBE1B173A2FE4003371E8 /* Release */ = {
			isa = XCBuildConfiguration;
			buildSettings = {
				ALWAYS_SEARCH_USER_PATHS = NO;
				CLANG_CXX_LANGUAGE_STANDARD = "gnu++0x";
				CLANG_CXX_LIBRARY = "libc++";
				CLANG_ENABLE_OBJC_ARC = YES;
				CLANG_WARN_CONSTANT_CONVERSION = YES;
				CLANG_WARN_EMPTY_BODY = YES;
				CLANG_WARN_ENUM_CONVERSION = YES;
				CLANG_WARN_INT_CONVERSION = YES;
				CLANG_WARN__DUPLICATE_METHOD_MATCH = YES;
				"CODE_SIGN_IDENTITY[sdk=iphoneos*]" = "iPhone Developer";
				COPY_PHASE_STRIP = YES;
				GCC_C_LANGUAGE_STANDARD = gnu99;
				GCC_WARN_ABOUT_RETURN_TYPE = YES;
				GCC_WARN_UNINITIALIZED_AUTOS = YES;
				GCC_WARN_UNUSED_VARIABLE = YES;
				IPHONEOS_DEPLOYMENT_TARGET = 6.0;
				OTHER_CFLAGS = "-DNS_BLOCK_ASSERTIONS=1";
				SDKROOT = iphoneos;
				VALIDATE_PRODUCT = YES;
			};
			name = Release;
		};
		C8FFBE1D173A2FE4003371E8 /* Debug */ = {
			isa = XCBuildConfiguration;
			buildSettings = {
				GCC_PRECOMPILE_PREFIX_HEADER = YES;
				GCC_PREFIX_HEADER = "DemoImageLoader/DemoImageLoader-Prefix.pch";
				INFOPLIST_FILE = "DemoImageLoader/DemoImageLoader-Info.plist";
				IPHONEOS_DEPLOYMENT_TARGET = 5.0;
				PRODUCT_NAME = "$(TARGET_NAME)";
				WRAPPER_EXTENSION = app;
			};
			name = Debug;
		};
		C8FFBE1E173A2FE4003371E8 /* Release */ = {
			isa = XCBuildConfiguration;
			buildSettings = {
				GCC_PRECOMPILE_PREFIX_HEADER = YES;
				GCC_PREFIX_HEADER = "DemoImageLoader/DemoImageLoader-Prefix.pch";
				INFOPLIST_FILE = "DemoImageLoader/DemoImageLoader-Info.plist";
				IPHONEOS_DEPLOYMENT_TARGET = 5.0;
				PRODUCT_NAME = "$(TARGET_NAME)";
				WRAPPER_EXTENSION = app;
			};
			name = Release;
		};
/* End XCBuildConfiguration section */

/* Begin XCConfigurationList section */
		C8FFBDE9173A2FE4003371E8 /* Build configuration list for PBXProject "DemoImageLoader" */ = {
			isa = XCConfigurationList;
			buildConfigurations = (
				C8FFBE1A173A2FE4003371E8 /* Debug */,
				C8FFBE1B173A2FE4003371E8 /* Release */,
			);
			defaultConfigurationIsVisible = 0;
			defaultConfigurationName = Release;
		};
		C8FFBE1C173A2FE4003371E8 /* Build configuration list for PBXNativeTarget "DemoImageLoader" */ = {
			isa = XCConfigurationList;
			buildConfigurations = (
				C8FFBE1D173A2FE4003371E8 /* Debug */,
				C8FFBE1E173A2FE4003371E8 /* Release */,
			);
			defaultConfigurationIsVisible = 0;
			defaultConfigurationName = Release;
		};
/* End XCConfigurationList section */
	};
	rootObject = C8FFBDE6173A2FE4003371E8 /* Project object */;
}
